
Microsoft Visual Studio Solution File, Format Version 12.00
Project("{FAE04EC0-301F-11D3-BF4B-00C04F79EFBC}") = "Day1", "src\Day1\Day1.csproj", "{84B09F99-B1E8-408D-85B8-53691FFFA59F}"
EndProject
Project("{FAE04EC0-301F-11D3-BF4B-00C04F79EFBC}") = "Day2", "src\Day2\Day2.csproj", "{1FF7543D-4A54-4CC7-B240-74BDD8CF9A05}"
EndProject
Project("{FAE04EC0-301F-11D3-BF4B-00C04F79EFBC}") = "Day3", "src\Day3\Day3.csproj", "{A886B1BA-57E0-42D7-8578-1C80ED95C4C0}"
EndProject
Project("{FAE04EC0-301F-11D3-BF4B-00C04F79EFBC}") = "Day4", "src\Day4\Day4.csproj", "{F6D56CF8-022C-4FA5-BF87-BC5FEDF30498}"
EndProject
Project("{FAE04EC0-301F-11D3-BF4B-00C04F79EFBC}") = "Day5", "src\Day5\Day5.csproj", "{B445E544-6AAF-421C-ADFF-1688BFC45198}"
EndProject
Project("{FAE04EC0-301F-11D3-BF4B-00C04F79EFBC}") = "Day6", "src\Day6\Day6.csproj", "{085FCFC9-D444-4F72-984D-3D29F229BDFF}"
EndProject
Global
	GlobalSection(SolutionConfigurationPlatforms) = preSolution
		Debug|Any CPU = Debug|Any CPU
		Release|Any CPU = Release|Any CPU
	EndGlobalSection
	GlobalSection(ProjectConfigurationPlatforms) = postSolution
		{84B09F99-B1E8-408D-85B8-53691FFFA59F}.Debug|Any CPU.ActiveCfg = Debug|Any CPU
		{84B09F99-B1E8-408D-85B8-53691FFFA59F}.Debug|Any CPU.Build.0 = Debug|Any CPU
		{84B09F99-B1E8-408D-85B8-53691FFFA59F}.Release|Any CPU.ActiveCfg = Release|Any CPU
		{84B09F99-B1E8-408D-85B8-53691FFFA59F}.Release|Any CPU.Build.0 = Release|Any CPU
		{1FF7543D-4A54-4CC7-B240-74BDD8CF9A05}.Debug|Any CPU.ActiveCfg = Debug|Any CPU
		{1FF7543D-4A54-4CC7-B240-74BDD8CF9A05}.Debug|Any CPU.Build.0 = Debug|Any CPU
		{1FF7543D-4A54-4CC7-B240-74BDD8CF9A05}.Release|Any CPU.ActiveCfg = Release|Any CPU
		{1FF7543D-4A54-4CC7-B240-74BDD8CF9A05}.Release|Any CPU.Build.0 = Release|Any CPU
		{A886B1BA-57E0-42D7-8578-1C80ED95C4C0}.Debug|Any CPU.ActiveCfg = Debug|Any CPU
		{A886B1BA-57E0-42D7-8578-1C80ED95C4C0}.Debug|Any CPU.Build.0 = Debug|Any CPU
		{A886B1BA-57E0-42D7-8578-1C80ED95C4C0}.Release|Any CPU.ActiveCfg = Release|Any CPU
		{A886B1BA-57E0-42D7-8578-1C80ED95C4C0}.Release|Any CPU.Build.0 = Release|Any CPU
		{F6D56CF8-022C-4FA5-BF87-BC5FEDF30498}.Debug|Any CPU.ActiveCfg = Debug|Any CPU
		{F6D56CF8-022C-4FA5-BF87-BC5FEDF30498}.Debug|Any CPU.Build.0 = Debug|Any CPU
		{F6D56CF8-022C-4FA5-BF87-BC5FEDF30498}.Release|Any CPU.ActiveCfg = Release|Any CPU
		{F6D56CF8-022C-4FA5-BF87-BC5FEDF30498}.Release|Any CPU.Build.0 = Release|Any CPU
		{B445E544-6AAF-421C-ADFF-1688BFC45198}.Debug|Any CPU.ActiveCfg = Debug|Any CPU
		{B445E544-6AAF-421C-ADFF-1688BFC45198}.Debug|Any CPU.Build.0 = Debug|Any CPU
		{B445E544-6AAF-421C-ADFF-1688BFC45198}.Release|Any CPU.ActiveCfg = Release|Any CPU
		{B445E544-6AAF-421C-ADFF-1688BFC45198}.Release|Any CPU.Build.0 = Release|Any CPU
		{085FCFC9-D444-4F72-984D-3D29F229BDFF}.Debug|Any CPU.ActiveCfg = Debug|Any CPU
		{085FCFC9-D444-4F72-984D-3D29F229BDFF}.Debug|Any CPU.Build.0 = Debug|Any CPU
		{085FCFC9-D444-4F72-984D-3D29F229BDFF}.Release|Any CPU.ActiveCfg = Release|Any CPU
		{085FCFC9-D444-4F72-984D-3D29F229BDFF}.Release|Any CPU.Build.0 = Release|Any CPU
	EndGlobalSection
EndGlobal
